<?xml version="1.0" encoding="utf-8"?>
<Project ToolsVersion="4.0" xmlns="http://schemas.microsoft.com/developer/msbuild/2003">
  <ItemGroup>
    <Filter Include="源文件">
      <UniqueIdentifier>{4FC737F1-C7A5-4376-A066-2A32D752A2FF}</UniqueIdentifier>
      <Extensions>cpp;c;cc;cxx;def;odl;idl;hpj;bat;asm;asmx</Extensions>
    </Filter>
    <Filter Include="头文件">
      <UniqueIdentifier>{93995380-89BD-4b04-88EB-625FBE52EBFB}</UniqueIdentifier>
      <Extensions>h;hpp;hxx;hm;inl;inc;xsd</Extensions>
    </Filter>
    <Filter Include="资源文件">
      <UniqueIdentifier>{67DA6AB6-F800-4c08-8B7A-83BB121AAD01}</UniqueIdentifier>
      <Extensions>rc;ico;cur;bmp;dlg;rc2;rct;bin;rgs;gif;jpg;jpeg;jpe;resx;tiff;tif;png;wav;mfcribbon-ms</Extensions>
    </Filter>
    <Filter Include="源文件\xml">
      <UniqueIdentifier>{c673c52c-7c70-4aba-9736-142bbe2c5965}</UniqueIdentifier>
    </Filter>
    <Filter Include="Control">
      <UniqueIdentifier>{d0fe4cfd-a537-4294-b6b8-148f2e44a609}</UniqueIdentifier>
    </Filter>
    <Filter Include="ExtControl">
      <UniqueIdentifier>{317c01b2-5b99-4470-b2eb-23d2a1337886}</UniqueIdentifier>
    </Filter>
    <Filter Include="Layout">
      <UniqueIdentifier>{1cc8d10a-b0ba-4fd8-bf89-e0ab5c01d3c7}</UniqueIdentifier>
    </Filter>
    <Filter Include="Render">
      <UniqueIdentifier>{2362ca28-5671-4b68-b223-42969d6abd52}</UniqueIdentifier>
    </Filter>
    <Filter Include="Utils">
      <UniqueIdentifier>{ad7d424a-44f1-4b07-88f3-3f31207bff92}</UniqueIdentifier>
    </Filter>
    <Filter Include="Core">
      <UniqueIdentifier>{8a69732f-165b-4744-9196-0ddb0fcc4a33}</UniqueIdentifier>
    </Filter>
  </ItemGroup>
  <ItemGroup>
    <ClCompile Include="dllmian.cpp">
      <Filter>源文件</Filter>
    </ClCompile>
    <ClCompile Include="base.cpp">
      <Filter>源文件</Filter>
    </ClCompile>
    <ClCompile Include="tinyxml\tinystr.cpp">
      <Filter>源文件\xml</Filter>
    </ClCompile>
    <ClCompile Include="tinyxml\tinyxml.cpp">
      <Filter>源文件\xml</Filter>
    </ClCompile>
    <ClCompile Include="tinyxml\tinyxmlerror.cpp">
      <Filter>源文件\xml</Filter>
    </ClCompile>
    <ClCompile Include="tinyxml\tinyxmlparser.cpp">
      <Filter>源文件\xml</Filter>
    </ClCompile>
    <ClCompile Include="Control\UIButton.cpp">
      <Filter>Control</Filter>
    </ClCompile>
    <ClCompile Include="Control\UICombo.cpp">
      <Filter>Control</Filter>
    </ClCompile>
    <ClCompile Include="Control\UIComboBox.cpp">
      <Filter>Control</Filter>
    </ClCompile>
    <ClCompile Include="Control\UIGif.cpp">
      <Filter>Control</Filter>
    </ClCompile>
    <ClCompile Include="Control\UIEdit.cpp">
      <Filter>Control</Filter>
    </ClCompile>
    <ClCompile Include="Control\UILable.cpp">
      <Filter>Control</Filter>
    </ClCompile>
    <ClCompile Include="Control\UIListView.cpp">
      <Filter>Control</Filter>
    </ClCompile>
    <ClCompile Include="Control\UIListBox.cpp">
      <Filter>Control</Filter>
    </ClCompile>
    <ClCompile Include="Control\UIOption.cpp">
      <Filter>Control</Filter>
    </ClCompile>
    <ClCompile Include="Control\UIPicture.cpp">
      <Filter>Control</Filter>
    </ClCompile>
    <ClCompile Include="Control\UIRichEdit.cpp">
      <Filter>Control</Filter>
    </ClCompile>
    <ClCompile Include="Control\UIScrollBar.cpp">
      <Filter>Control</Filter>
    </ClCompile>
    <ClCompile Include="Control\UISlider.cpp">
      <Filter>Control</Filter>
    </ClCompile>
    <ClCompile Include="Control\UIText.cpp">
      <Filter>Control</Filter>
    </ClCompile>
    <ClCompile Include="Control\UITreeView.cpp">
      <Filter>Control</Filter>
    </ClCompile>
    <ClCompile Include="Control\UIProgress.cpp">
      <Filter>Control</Filter>
    </ClCompile>
    <ClCompile Include="Core\UIBuilder.cpp">
      <Filter>Core</Filter>
    </ClCompile>
    <ClCompile Include="Core\UIBase.cpp">
      <Filter>Core</Filter>
    </ClCompile>
    <ClCompile Include="Core\UIContainer.cpp">
      <Filter>Core</Filter>
    </ClCompile>
    <ClCompile Include="Core\UIControl.cpp">
      <Filter>Core</Filter>
    </ClCompile>
    <ClCompile Include="Core\UIWindow.cpp">
      <Filter>Core</Filter>
    </ClCompile>
    <ClCompile Include="ExtControl\UIActiveX.cpp">
      <Filter>ExtControl</Filter>
    </ClCompile>
    <ClCompile Include="ExtControl\UICalendar.cpp">
      <Filter>ExtControl</Filter>
    </ClCompile>
    <ClCompile Include="ExtControl\UIDragItem.cpp">
      <Filter>ExtControl</Filter>
    </ClCompile>
    <ClCompile Include="ExtControl\UIFlash.cpp">
      <Filter>ExtControl</Filter>
    </ClCompile>
    <ClCompile Include="ExtControl\UIToolTip.cpp">
      <Filter>ExtControl</Filter>
    </ClCompile>
    <ClCompile Include="ExtControl\UIWebBrowser.cpp">
      <Filter>ExtControl</Filter>
    </ClCompile>
    <ClCompile Include="Layout\UIBaseLayout.cpp">
      <Filter>Layout</Filter>
    </ClCompile>
    <ClCompile Include="Layout\UIAbsoluteLayout.cpp">
      <Filter>Layout</Filter>
    </ClCompile>
    <ClCompile Include="Layout\UIHorizontalLayout.cpp">
      <Filter>Layout</Filter>
    </ClCompile>
    <ClCompile Include="Layout\UITabLayout.cpp">
      <Filter>Layout</Filter>
    </ClCompile>
    <ClCompile Include="Layout\UITileLayout.cpp">
      <Filter>Layout</Filter>
    </ClCompile>
    <ClCompile Include="Layout\UIVerticalLayout.cpp">
      <Filter>Layout</Filter>
    </ClCompile>
    <ClCompile Include="Render\GdiEngine.cpp">
      <Filter>Render</Filter>
    </ClCompile>
    <ClCompile Include="Render\RenderEngine.cpp">
      <Filter>Render</Filter>
    </ClCompile>
    <ClCompile Include="Render\SkinManager.cpp">
      <Filter>Render</Filter>
    </ClCompile>
    <ClCompile Include="Utils\QR_Encode.cpp">
      <Filter>Utils</Filter>
    </ClCompile>
    <ClCompile Include="Utils\stb_image.c">
      <Filter>Utils</Filter>
    </ClCompile>
    <ClCompile Include="Utils\Utils.cpp">
      <Filter>Utils</Filter>
    </ClCompile>
    <ClCompile Include="Utils\XUnzip.cpp">
      <Filter>Utils</Filter>
    </ClCompile>
    <ClCompile Include="Utils\rbtree.c">
      <Filter>Utils</Filter>
    </ClCompile>
    <ClCompile Include="Control\UIMenu.cpp">
      <Filter>Control</Filter>
    </ClCompile>
    <ClCompile Include="Utils\binaryheap.c">
      <Filter>Utils</Filter>
    </ClCompile>
    <ClCompile Include="Core\UIThread.cpp">
      <Filter>Core</Filter>
    </ClCompile>
    <ClCompile Include="Core\UITimer.cpp">
      <Filter>Core</Filter>
    </ClCompile>
    <ClCompile Include="Render\LanguageEdition.cpp">
      <Filter>Render</Filter>
    </ClCompile>
    <ClCompile Include="Core\UICaret.cpp">
      <Filter>Core</Filter>
    </ClCompile>
    <ClCompile Include="Core\UIWindowBase.cpp">
      <Filter>Core</Filter>
    </ClCompile>
    <ClCompile Include="Control\UIWidget.cpp">
      <Filter>Control</Filter>
    </ClCompile>
    <ClCompile Include="Core\UIInterface.cpp">
      <Filter>Core</Filter>
    </ClCompile>
  </ItemGroup>
  <ItemGroup>
    <ClInclude Include="myui.h">
      <Filter>头文件</Filter>
    </ClInclude>
    <ClInclude Include="Core\UIBase.h">
      <Filter>Core</Filter>
    </ClInclude>
    <ClInclude Include="Core\UIContainer.h">
      <Filter>Core</Filter>
    </ClInclude>
    <ClInclude Include="Core\UIControl.h">
      <Filter>Core</Filter>
    </ClInclude>
    <ClInclude Include="Core\UIInterface.h">
      <Filter>Core</Filter>
    </ClInclude>
    <ClInclude Include="Core\UIWindow.h">
      <Filter>Core</Filter>
    </ClInclude>
    <ClInclude Include="Layout\UIVerticalLayout.h">
      <Filter>Layout</Filter>
    </ClInclude>
    <ClInclude Include="Utils\stb_image.h">
      <Filter>Utils</Filter>
    </ClInclude>
    <ClInclude Include="Utils\Utils.h">
      <Filter>Utils</Filter>
    </ClInclude>
    <ClInclude Include="base.h">
      <Filter>头文件</Filter>
    </ClInclude>
    <ClInclude Include="Control\UIButton.h">
      <Filter>Control</Filter>
    </ClInclude>
    <ClInclude Include="Layout\UIHorizontalLayout.h">
      <Filter>Layout</Filter>
    </ClInclude>
    <ClInclude Include="Control\UIScrollBar.h">
      <Filter>Control</Filter>
    </ClInclude>
    <ClInclude Include="Utils\XUnzip.h">
      <Filter>Utils</Filter>
    </ClInclude>
    <ClInclude Include="Layout\UIAbsoluteLayout.h">
      <Filter>Layout</Filter>
    </ClInclude>
    <ClInclude Include="Layout\UITabLayout.h">
      <Filter>Layout</Filter>
    </ClInclude>
    <ClInclude Include="Layout\UITileLayout.h">
      <Filter>Layout</Filter>
    </ClInclude>
    <ClInclude Include="Render\RenderEngine.h">
      <Filter>Render</Filter>
    </ClInclude>
    <ClInclude Include="Render\GdiEngine.h">
      <Filter>Render</Filter>
    </ClInclude>
    <ClInclude Include="Render\SkinManager.h">
      <Filter>Render</Filter>
    </ClInclude>
    <ClInclude Include="Control\UIEdit.h">
      <Filter>Control</Filter>
    </ClInclude>
    <ClInclude Include="Control\UIProgress.h">
      <Filter>Control</Filter>
    </ClInclude>
    <ClInclude Include="Control\UISlider.h">
      <Filter>Control</Filter>
    </ClInclude>
    <ClInclude Include="Control\UIOption.h">
      <Filter>Control</Filter>
    </ClInclude>
    <ClInclude Include="Control\UIComboBox.h">
      <Filter>Control</Filter>
    </ClInclude>
    <ClInclude Include="Control\UITreeView.h">
      <Filter>Control</Filter>
    </ClInclude>
    <ClInclude Include="Control\UIRichEdit.h">
      <Filter>Control</Filter>
    </ClInclude>
    <ClInclude Include="Control\UILable.h">
      <Filter>Control</Filter>
    </ClInclude>
    <ClInclude Include="Control\UICombo.h">
      <Filter>Control</Filter>
    </ClInclude>
    <ClInclude Include="Control\UIText.h">
      <Filter>Control</Filter>
    </ClInclude>
    <ClInclude Include="Control\UIPicture.h">
      <Filter>Control</Filter>
    </ClInclude>
    <ClInclude Include="Control\UIListView.h">
      <Filter>Control</Filter>
    </ClInclude>
    <ClInclude Include="Control\UIListBox.h">
      <Filter>Control</Filter>
    </ClInclude>
    <ClInclude Include="ExtControl\UIWebBrowser.h">
      <Filter>ExtControl</Filter>
    </ClInclude>
    <ClInclude Include="ExtControl\DownLoadMgr.h">
      <Filter>ExtControl</Filter>
    </ClInclude>
    <ClInclude Include="ExtControl\UIActiveX.h">
      <Filter>ExtControl</Filter>
    </ClInclude>
    <ClInclude Include="Core\UIBuilder.h">
      <Filter>Core</Filter>
    </ClInclude>
    <ClInclude Include="tinyxml\tinystr.h">
      <Filter>源文件\xml</Filter>
    </ClInclude>
    <ClInclude Include="tinyxml\tinyxml.h">
      <Filter>源文件\xml</Filter>
    </ClInclude>
    <ClInclude Include="Layout\UIBaseLayout.h">
      <Filter>Layout</Filter>
    </ClInclude>
    <ClInclude Include="ExtControl\UICalendar.h">
      <Filter>ExtControl</Filter>
    </ClInclude>
    <ClInclude Include="ExtControl\UIDragItem.h">
      <Filter>ExtControl</Filter>
    </ClInclude>
    <ClInclude Include="Control\UIGif.h">
      <Filter>Control</Filter>
    </ClInclude>
    <ClInclude Include="ExtControl\UIFlash.h">
      <Filter>ExtControl</Filter>
    </ClInclude>
    <ClInclude Include="ExtControl\UIToolTip.h">
      <Filter>ExtControl</Filter>
    </ClInclude>
    <ClInclude Include="Utils\QR_Encode.h">
      <Filter>Utils</Filter>
    </ClInclude>
    <ClInclude Include="Utils\rbtree.h">
      <Filter>Utils</Filter>
    </ClInclude>
    <ClInclude Include="Control\UIMenu.h">
      <Filter>Control</Filter>
    </ClInclude>
    <ClInclude Include="Utils\binaryheap.h">
      <Filter>Utils</Filter>
    </ClInclude>
    <ClInclude Include="Core\UIThread.h">
      <Filter>Core</Filter>
    </ClInclude>
    <ClInclude Include="Core\UITimer.h">
      <Filter>Core</Filter>
    </ClInclude>
    <ClInclude Include="Render\LanguageEdition.h">
      <Filter>Render</Filter>
    </ClInclude>
    <ClInclude Include="Core\UICaret.h">
      <Filter>Core</Filter>
    </ClInclude>
    <ClInclude Include="Core\UIWindowBase.h">
      <Filter>Core</Filter>
    </ClInclude>
    <ClInclude Include="Control\UIWidget.h">
      <Filter>Control</Filter>
    </ClInclude>
  </ItemGroup>
</Project>